
Microsoft Visual Studio Solution File, Format Version 12.00
# Visual Studio Version 17
VisualStudioVersion = 17.5.002.0
MinimumVisualStudioVersion = 10.0.40219.1
Project("{9A19103F-16F7-4668-BE54-9A1E7A4F7556}") = "PhiRAG", "PhiRAG\PhiRAG.csproj", "{538806F3-4B72-4A8E-A72D-39C4092E7781}"
EndProject
Project("{9A19103F-16F7-4668-BE54-9A1E7A4F7556}") = "Phi3", "finished\Phi3.csproj", "{7D678F1F-40B2-4408-A7C1-287AC7CFA78F}"
EndProject
Project("{9A19103F-16F7-4668-BE54-9A1E7A4F7556}") = "Phi3 (1)", "src\Phi3.csproj", "{35E6EB9E-20F2-4D4D-BCCA-48EC1BF9312A}"
EndProject
Global
	GlobalSection(SolutionConfigurationPlatforms) = preSolution
		Debug|Any CPU = Debug|Any CPU
		Release|Any CPU = Release|Any CPU
	EndGlobalSection
	GlobalSection(ProjectConfigurationPlatforms) = postSolution
		{538806F3-4B72-4A8E-A72D-39C4092E7781}.Debug|Any CPU.ActiveCfg = Debug|Any CPU
		{538806F3-4B72-4A8E-A72D-39C4092E7781}.Debug|Any CPU.Build.0 = Debug|Any CPU
		{538806F3-4B72-4A8E-A72D-39C4092E7781}.Release|Any CPU.ActiveCfg = Release|Any CPU
		{538806F3-4B72-4A8E-A72D-39C4092E7781}.Release|Any CPU.Build.0 = Release|Any CPU
		{7D678F1F-40B2-4408-A7C1-287AC7CFA78F}.Debug|Any CPU.ActiveCfg = Debug|Any CPU
		{7D678F1F-40B2-4408-A7C1-287AC7CFA78F}.Debug|Any CPU.Build.0 = Debug|Any CPU
		{7D678F1F-40B2-4408-A7C1-287AC7CFA78F}.Release|Any CPU.ActiveCfg = Release|Any CPU
		{7D678F1F-40B2-4408-A7C1-287AC7CFA78F}.Release|Any CPU.Build.0 = Release|Any CPU
		{35E6EB9E-20F2-4D4D-BCCA-48EC1BF9312A}.Debug|Any CPU.ActiveCfg = Debug|Any CPU
		{35E6EB9E-20F2-4D4D-BCCA-48EC1BF9312A}.Debug|Any CPU.Build.0 = Debug|Any CPU
		{35E6EB9E-20F2-4D4D-BCCA-48EC1BF9312A}.Release|Any CPU.ActiveCfg = Release|Any CPU
		{35E6EB9E-20F2-4D4D-BCCA-48EC1BF9312A}.Release|Any CPU.Build.0 = Release|Any CPU
	EndGlobalSection
	GlobalSection(SolutionProperties) = preSolution
		HideSolutionNode = FALSE
	EndGlobalSection
	GlobalSection(ExtensibilityGlobals) = postSolution
		SolutionGuid = {90FDDDED-3057-4E6A-A27C-5370EB1862BE}
	EndGlobalSection
EndGlobal
